{
  "projects": [
    {
      "projectId": "seaQhLVS4bbjiGvJJrRwyL",
      "version": "15.0.3",
      "dependencies": {},
      "lang": "ts",
      "fileLocks": [
        {
          "assetId": "seaQhLVS4bbjiGvJJrRwyL",
          "type": "projectCss",
          "checksum": "3a2c1605ed5a5a7896e997467a883c93"
        }
      ],
      "codegenVersion": "0.0.1"
    },
    {
      "projectId": "qypGRFiT5EqbMS3JE3NhBQ",
      "version": "latest",
      "dependencies": {
        "seaQhLVS4bbjiGvJJrRwyL": "15.0.3"
      },
      "lang": "ts",
      "fileLocks": [
        {
          "type": "globalVariant",
          "assetId": "GOmXfJvEYn5HTG",
          "checksum": "5038a6fbb3ad03ed47fbe0cdf4e9c9e8"
        },
        {
          "assetId": "qypGRFiT5EqbMS3JE3NhBQ",
          "type": "projectCss",
          "checksum": "d594258d98fa729f35d27506537e6b82"
        },
        {
          "type": "renderModule",
          "assetId": "23sgDbmvMZX6V",
          "checksum": "5c6bcd741e7eef93003313ba10455a76"
        },
        {
          "type": "cssRules",
          "assetId": "23sgDbmvMZX6V",
          "checksum": "5c6bcd741e7eef93003313ba10455a76"
        },
        {
          "type": "renderModule",
          "assetId": "ehtTUDWjl5E4a",
          "checksum": "2c95bb83c522bbbafe58784b60e97534"
        },
        {
          "type": "cssRules",
          "assetId": "ehtTUDWjl5E4a",
          "checksum": "2c95bb83c522bbbafe58784b60e97534"
        },
        {
          "type": "renderModule",
          "assetId": "3o_cRhYGL2jyH",
          "checksum": "db93a11a6bb5cf75dc5c16408deecc92"
        },
        {
          "type": "cssRules",
          "assetId": "3o_cRhYGL2jyH",
          "checksum": "db93a11a6bb5cf75dc5c16408deecc92"
        },
        {
          "type": "renderModule",
          "assetId": "ZMyZ0SSZNWXsw4",
          "checksum": "911cc14ba6783787872fc38024852224"
        },
        {
          "type": "cssRules",
          "assetId": "ZMyZ0SSZNWXsw4",
          "checksum": "911cc14ba6783787872fc38024852224"
        },
        {
          "type": "renderModule",
          "assetId": "Wy4F2uM1mM72A2",
          "checksum": "fe15941ce98333ab0eb8547f7a8c4ff2"
        },
        {
          "type": "cssRules",
          "assetId": "Wy4F2uM1mM72A2",
          "checksum": "fe15941ce98333ab0eb8547f7a8c4ff2"
        },
        {
          "type": "renderModule",
          "assetId": "vBnS3DbZRpWMxQ",
          "checksum": "8624065f7b4fbec8df046c98d3070e0f"
        },
        {
          "type": "cssRules",
          "assetId": "vBnS3DbZRpWMxQ",
          "checksum": "8624065f7b4fbec8df046c98d3070e0f"
        },
        {
          "type": "renderModule",
          "assetId": "2orss3v95TKEr7",
          "checksum": "6ddbbfaa6be50c10a886b90fac614de3"
        },
        {
          "type": "cssRules",
          "assetId": "2orss3v95TKEr7",
          "checksum": "6ddbbfaa6be50c10a886b90fac614de3"
        },
        {
          "type": "renderModule",
          "assetId": "B6DM_ThZsY13JO",
          "checksum": "1f443f2a0edcd2eb595d1bd6303d94b3"
        },
        {
          "type": "cssRules",
          "assetId": "B6DM_ThZsY13JO",
          "checksum": "1f443f2a0edcd2eb595d1bd6303d94b3"
        },
        {
          "type": "renderModule",
          "assetId": "Fr41oLroF9RKnQ",
          "checksum": "ffc288a50e863e02011184590bed7f31"
        },
        {
          "type": "cssRules",
          "assetId": "Fr41oLroF9RKnQ",
          "checksum": "ffc288a50e863e02011184590bed7f31"
        },
        {
          "type": "renderModule",
          "assetId": "LRkC9OCLRYTXtV",
          "checksum": "19674e92760124f46f2a3bae59804d7a"
        },
        {
          "type": "cssRules",
          "assetId": "LRkC9OCLRYTXtV",
          "checksum": "19674e92760124f46f2a3bae59804d7a"
        },
        {
          "type": "renderModule",
          "assetId": "VeZc1eoJtZRbGw",
          "checksum": "1da93fd14cbdf495cf188dd004d11df8"
        },
        {
          "type": "cssRules",
          "assetId": "VeZc1eoJtZRbGw",
          "checksum": "1da93fd14cbdf495cf188dd004d11df8"
        },
        {
          "type": "renderModule",
          "assetId": "Mhy7_SbnjlH5nB",
          "checksum": "04e12e1c073c06102476661f69558832"
        },
        {
          "type": "cssRules",
          "assetId": "Mhy7_SbnjlH5nB",
          "checksum": "04e12e1c073c06102476661f69558832"
        },
        {
          "type": "renderModule",
          "assetId": "rw_Z0zjJpGE2PO",
          "checksum": "74f09c5102b0010ec2fa2604ba098a25"
        },
        {
          "type": "cssRules",
          "assetId": "rw_Z0zjJpGE2PO",
          "checksum": "74f09c5102b0010ec2fa2604ba098a25"
        },
        {
          "type": "renderModule",
          "assetId": "K3gplzZAmZ9snf",
          "checksum": "e0048421052ae0107be68fccaa0689bf"
        },
        {
          "type": "cssRules",
          "assetId": "K3gplzZAmZ9snf",
          "checksum": "e0048421052ae0107be68fccaa0689bf"
        },
        {
          "type": "renderModule",
          "assetId": "UJx9-S0rynFQ8M",
          "checksum": "49a133cc93e70cb9329ea73c6f922549"
        },
        {
          "type": "cssRules",
          "assetId": "UJx9-S0rynFQ8M",
          "checksum": "49a133cc93e70cb9329ea73c6f922549"
        },
        {
          "type": "renderModule",
          "assetId": "rrSvMWQ7qS_-6y",
          "checksum": "48d5f23ec087d8cbcfdd1607715800df"
        },
        {
          "type": "cssRules",
          "assetId": "rrSvMWQ7qS_-6y",
          "checksum": "48d5f23ec087d8cbcfdd1607715800df"
        },
        {
          "type": "renderModule",
          "assetId": "u8FDy39QHIlNRM",
          "checksum": "e99c68a644ae547925fc789317c7023c"
        },
        {
          "type": "cssRules",
          "assetId": "u8FDy39QHIlNRM",
          "checksum": "e99c68a644ae547925fc789317c7023c"
        },
        {
          "type": "renderModule",
          "assetId": "oj1BI7sC_i_EFR",
          "checksum": "38eec144cd1e3c05b7e88a144c1d1b4b"
        },
        {
          "type": "cssRules",
          "assetId": "oj1BI7sC_i_EFR",
          "checksum": "38eec144cd1e3c05b7e88a144c1d1b4b"
        },
        {
          "type": "renderModule",
          "assetId": "YphnjMataLXIXv",
          "checksum": "91549840ad3c0d453c60ebb75e75d585"
        },
        {
          "type": "cssRules",
          "assetId": "YphnjMataLXIXv",
          "checksum": "91549840ad3c0d453c60ebb75e75d585"
        },
        {
          "type": "renderModule",
          "assetId": "gtXQfU11bRAeRo",
          "checksum": "524f5301b5f7f3f80ead3ed28d8e717d"
        },
        {
          "type": "cssRules",
          "assetId": "gtXQfU11bRAeRo",
          "checksum": "524f5301b5f7f3f80ead3ed28d8e717d"
        },
        {
          "type": "icon",
          "assetId": "8RPd2W7l388Zo_",
          "checksum": "7f6f429c689f52a235b4831149c81089"
        },
        {
          "type": "icon",
          "assetId": "zcnNOjFT1yy2KW",
          "checksum": "e2b926f48585e1931db0a4766c0b3c3d"
        },
        {
          "type": "icon",
          "assetId": "qy4ixSZ6PWknFO",
          "checksum": "e55f3fa4ca773e25bea21fcf3276ada2"
        },
        {
          "type": "icon",
          "assetId": "BFOjNJ5M_fWSPf",
          "checksum": "b7c9f9a6d9c352c6767f8449f1677e32"
        },
        {
          "type": "icon",
          "assetId": "EHZXtMiQsFK9-j",
          "checksum": "125379fb2b2a0c6325b577589017147e"
        },
        {
          "type": "icon",
          "assetId": "iq1xkwE9q_KuXU",
          "checksum": "622dc75ff6875b952a73ceccfad31426"
        },
        {
          "type": "icon",
          "assetId": "vz6r1SmSmUy6Rr",
          "checksum": "95e74a372e44dd4f346e26ad99a88b49"
        },
        {
          "type": "icon",
          "assetId": "krh6aDMLrKU6Uc",
          "checksum": "0961d696b54e3a9320f2daeaabe47cb0"
        },
        {
          "type": "icon",
          "assetId": "MZeGNgGqfCqnvi",
          "checksum": "593471b6f7954afda1e38c2c440cfb47"
        },
        {
          "type": "icon",
          "assetId": "5UGMlNuXc1Atja",
          "checksum": "bf15245899ade30b41a9fbefd7dac3da"
        },
        {
          "type": "icon",
          "assetId": "FK258Y1g42icOz",
          "checksum": "6445bc7eb0a83fcfeb63f1841fb18a71"
        },
        {
          "type": "icon",
          "assetId": "4XkltLz-FC1CcL",
          "checksum": "42cf44854f4f49fa9e4cd267289932bf"
        },
        {
          "type": "icon",
          "assetId": "OJE-yQ7XJEae7x",
          "checksum": "b238f178c57f91afde769d13c01baae7"
        },
        {
          "type": "icon",
          "assetId": "Jnoq53nsjEksQ4",
          "checksum": "7537caa0022bf3fac860c77255b4dfd8"
        },
        {
          "type": "icon",
          "assetId": "MqakrnSkQDQ3h4",
          "checksum": "e82a74fa5c5227e6f2b2816829d8c0f5"
        },
        {
          "type": "icon",
          "assetId": "Ekja98l8aQLCpv",
          "checksum": "116fdaf4a59f0e5ea7fecd4a36676e2c"
        },
        {
          "type": "icon",
          "assetId": "ejH_dCnlxcV8da",
          "checksum": "e8d1e0245b71246bf4c32d3e69e7bb87"
        },
        {
          "type": "icon",
          "assetId": "q6kM88TJsr8ItY",
          "checksum": "a1ccc752bbbcd0c4cac9cbccdff0ed5a"
        },
        {
          "type": "icon",
          "assetId": "qG16EiYJgqIGUV",
          "checksum": "4458db03bfe7ce08c1f73da23f5b68e9"
        },
        {
          "type": "icon",
          "assetId": "ttvsNHGkd-Xnsz",
          "checksum": "1f5806919781856ab3856341da17d06f"
        },
        {
          "type": "icon",
          "assetId": "uG6QFsTRzNAljG",
          "checksum": "a714400a79bbf5107725b7f07088a583"
        },
        {
          "type": "icon",
          "assetId": "dBeCsrFzIMFm1_",
          "checksum": "63e3badca264ce919f835eba5c44b27b"
        },
        {
          "type": "icon",
          "assetId": "Yzi7tYpO3fZfz_",
          "checksum": "4aedc2611c0345d836a0c8b6b3e442a9"
        },
        {
          "type": "icon",
          "assetId": "YZo6X-bMKsykO4",
          "checksum": "f1c6c5b92315b868bc7397af211e07c8"
        },
        {
          "type": "icon",
          "assetId": "p2P7FYOWWpLK12",
          "checksum": "ead8e308f9d99b231b6f6e60d02fe139"
        },
        {
          "type": "icon",
          "assetId": "vOwZrxGIMdUd8t",
          "checksum": "12cad9598ccbbfe0879703c2fd76b38c"
        },
        {
          "type": "icon",
          "assetId": "b2Hk_cTkTxHjzR",
          "checksum": "86a86220d8928c844ae42935845153b2"
        },
        {
          "type": "icon",
          "assetId": "7uJTb9WvuPc1Ig",
          "checksum": "4b54dc228a15836b768a8498410dc3a8"
        },
        {
          "type": "icon",
          "assetId": "uVG_19vPSgf1vv",
          "checksum": "8aa7d70c81ee88d33f54a41058826d6d"
        },
        {
          "type": "icon",
          "assetId": "CQdrFD_ATSxEU4",
          "checksum": "46baf8f472884d83be7ca0fd96b87530"
        },
        {
          "type": "icon",
          "assetId": "dWI_n053SYjTt9",
          "checksum": "dd6f18d9547115c193042538f4975bf0"
        },
        {
          "type": "image",
          "assetId": "a8uyg3_LOjmtGd",
          "checksum": "a9a0d85b26fc54953430b12013f18712"
        },
        {
          "type": "image",
          "assetId": "jUfqs4ASrbPyRX",
          "checksum": "72d8dab7056dd4c2950d773c29eebb04"
        },
        {
          "type": "image",
          "assetId": "hEYwZvvf0uhGQd",
          "checksum": "7459d5163df493f93f10081a764e97cf"
        },
        {
          "type": "image",
          "assetId": "fzdK3Rt4HvsmOt",
          "checksum": "aae5fbf11f10e7c1a715764f68595f9d"
        },
        {
          "type": "image",
          "assetId": "r80GqbEMGZZFt4",
          "checksum": "f873b877d11cebc9e518f558366a2100"
        },
        {
          "type": "image",
          "assetId": "Lm4DniJM7MI8Sl",
          "checksum": "0c06d746b01a8d054f06b2fd0810941f"
        },
        {
          "type": "image",
          "assetId": "82T8pET1-H6xE-",
          "checksum": "95279cb3c6e9908a1fc3b77cac7a641b"
        },
        {
          "type": "image",
          "assetId": "JoTAPwQqaAXfhX",
          "checksum": "d7f7bd5ca9beeddb96e0e81b957b2837"
        },
        {
          "type": "image",
          "assetId": "k3fw_JJfwvcCIE",
          "checksum": "b365a530182b5dd540f8e6446b7ddde9"
        },
        {
          "type": "image",
          "assetId": "yO-JQCo6tU0-PN",
          "checksum": "62f98246b0fe0fb8705db4ac793e052a"
        },
        {
          "type": "image",
          "assetId": "I3Qd6A7_8HjFxH",
          "checksum": "27fa5033daf688ef90874dfa2073884a"
        },
        {
          "type": "image",
          "assetId": "CcpC9xiKQ_2Il5",
          "checksum": "cf957d432520608f1861561c0f411300"
        },
        {
          "type": "image",
          "assetId": "9qN_8_zaJq29O5",
          "checksum": "85075809eb052401690eb810725db448"
        },
        {
          "type": "image",
          "assetId": "NE7qgE-4H561F7",
          "checksum": "e2603624d04acbc80008a1ae49d45d06"
        },
        {
          "type": "image",
          "assetId": "JVsSsWqNvvcMnZ",
          "checksum": "9a2d9b576c98e59a39b80b02e97ea9a4"
        },
        {
          "type": "image",
          "assetId": "Z95oip0Jx62bPu",
          "checksum": "058ea63dbac80801682ee686a98a1695"
        },
        {
          "type": "image",
          "assetId": "hywvyqdwy528dp",
          "checksum": "ec0e1594d8daf115127a24dc0596449a"
        },
        {
          "type": "image",
          "assetId": "Q19VSKe4FEgfeC",
          "checksum": "a3a801f5fff402b293c92fa47b03a303"
        },
        {
          "type": "image",
          "assetId": "UzA76LXgbLmtX0",
          "checksum": "ca4003317571261b0e3eb2ef1e189241"
        },
        {
          "type": "image",
          "assetId": "PLjnR0mOyGy24f",
          "checksum": "ef1cc61fc74a2edabcfd3bee048debf8"
        },
        {
          "type": "image",
          "assetId": "NNhlU-bsDJud1l",
          "checksum": "847e0b9dd3a95eba07eef00562910472"
        },
        {
          "type": "image",
          "assetId": "qlhdJsmU9Wgfhd",
          "checksum": "3e32abec3cc28304acc286e6219d11bb"
        },
        {
          "type": "image",
          "assetId": "68GWWwKFQ3H2ss",
          "checksum": "3bca24808d01306097c03b68529bbf18"
        },
        {
          "type": "image",
          "assetId": "zYeo3QEulgtvdm",
          "checksum": "6ad1436875a8e50decc2df6c28198463"
        },
        {
          "type": "image",
          "assetId": "_tE0q_WermwB2D",
          "checksum": "6f40f9e5e9a65a5168d2a8ed2eea4609"
        },
        {
          "type": "image",
          "assetId": "blYqaZcUQTgWvP",
          "checksum": "5ef06a4dd46bfd50fcd986554f2d7008"
        },
        {
          "type": "image",
          "assetId": "Azq1GO8mEflOoj",
          "checksum": "fb2c14dc8fc19667ef7285ab29f3dca5"
        },
        {
          "type": "image",
          "assetId": "B2cxylG5qYPHuW",
          "checksum": "a8d4ddcf07a6b3f70d448ccc10551cb4"
        },
        {
          "type": "image",
          "assetId": "9VkB5lQBBT_pBS",
          "checksum": "f4c095f2ab5cd265dec07c4149205bd5"
        },
        {
          "type": "image",
          "assetId": "ry6jhmNYR3gQ2d",
          "checksum": "1210f93abed1ecb976b88a92e6df4c74"
        },
        {
          "type": "image",
          "assetId": "4LiZhfTRXPcaR5",
          "checksum": "184968acb3118e3cbbb42ca2b97be535"
        },
        {
          "type": "image",
          "assetId": "i_Sgh9ohSuSPLm",
          "checksum": "16f4304ff2bbe96469c14134b8dfb0fb"
        },
        {
          "type": "image",
          "assetId": "k-86N8YgnQH5D-",
          "checksum": "1d03cdeb72003a6a5fa8e2ca1a011286"
        },
        {
          "type": "image",
          "assetId": "PlsfPKcMjMoBk_",
          "checksum": "40e022e410766b44ceed8f347d3c74f9"
        },
        {
          "type": "image",
          "assetId": "Dgf4DSOi7EoMgg",
          "checksum": "bb8ca1104e5ceaaad027750dbf8ff8b3"
        },
        {
          "type": "image",
          "assetId": "76TWE5RoEudK2-",
          "checksum": "40406577e27b5f16748cb3ddb48e1397"
        },
        {
          "type": "image",
          "assetId": "dZjGVEjsvkQMMR",
          "checksum": "ff8f49b3f9f2394e3e11ac13a0661be8"
        },
        {
          "type": "image",
          "assetId": "_9KjstxP81Q0hB",
          "checksum": "01797f83ea5dd192594bc157c7764005"
        },
        {
          "type": "image",
          "assetId": "ID1zxIvNZ7Ob7K",
          "checksum": "b32426555ccb8cf120a116053a6efb35"
        },
        {
          "type": "image",
          "assetId": "wg6RPZWHAc5W2-",
          "checksum": "9df10b81c38610ceb4686f2f68187f4e"
        },
        {
          "type": "image",
          "assetId": "DPPXIt8_96NLOC",
          "checksum": "b8457f4523f4972ea6a8de8a16242b7a"
        },
        {
          "type": "image",
          "assetId": "fP3Q7n5-qgI5gW",
          "checksum": "c63cb896763a73ab65f77261e139ad8b"
        },
        {
          "type": "image",
          "assetId": "IUfKcDmdu-cdWr",
          "checksum": "db99e89d56f999764e2016dc87aa0c4a"
        },
        {
          "type": "image",
          "assetId": "KwAdn91aqX8MsA",
          "checksum": "0d56d1f88c099140c89f38c7632dfeb3"
        },
        {
          "type": "image",
          "assetId": "VTLmMePQXJLQVW",
          "checksum": "27710dcf988e6505c005c63bd4c1ac31"
        },
        {
          "type": "image",
          "assetId": "FT68hYEVfundz5",
          "checksum": "270f3116ed75ebd31819ab7cc5987704"
        },
        {
          "type": "image",
          "assetId": "xJMjiB5kd1mqgC",
          "checksum": "a02458faaacb2453b586ef7308f39217"
        },
        {
          "type": "image",
          "assetId": "58zScTs2eRpCsR",
          "checksum": "85cc6b097dabfa856146b0666767aaa6"
        },
        {
          "type": "image",
          "assetId": "L1NYlgrP3SJzOn",
          "checksum": "0d877c925adc4c2daf192e22f3c65db2"
        },
        {
          "type": "image",
          "assetId": "j6c5vaIHNe51v4",
          "checksum": "4e70a70cac2b2f214066cd45dfd1f63b"
        },
        {
          "type": "image",
          "assetId": "XmkxLz-6-_GaDU",
          "checksum": "7d973ceba869f5b7e73bb864e378a46c"
        },
        {
          "type": "image",
          "assetId": "hxrdy_g0S_SKhN",
          "checksum": "c4cb20f50d8c8f2bf70accdb54d7fc20"
        },
        {
          "type": "image",
          "assetId": "yuWFsFgqJN5mcM",
          "checksum": "ea67b8029a737afc42d4caf38e33c5bd"
        },
        {
          "type": "image",
          "assetId": "Sqwsh6uMa-gYec",
          "checksum": "c228e74beeb73b4387feb347a02c796e"
        },
        {
          "type": "image",
          "assetId": "E98ULzzDDatj41",
          "checksum": "651e27c49eaeddf904cfed514ecaf153"
        },
        {
          "type": "image",
          "assetId": "6GTjYFf483b5JM",
          "checksum": "969244327a5daf7a5d8f02153b5109d4"
        }
      ],
      "codegenVersion": "0.0.1"
    }
  ],
  "cliVersion": "0.1.186"
}
